
Microsoft Visual Studio Solution File, Format Version 12.00
# Visual Studio Version 17
VisualStudioVersion = 17.4.33110.190
MinimumVisualStudioVersion = 10.0.40219.1
Project("{FAE04EC0-301F-11D3-BF4B-00C04F79EFBC}") = "SwimmingPool", "SwimmingPool\SwimmingPool.csproj", "{4BC2E46F-DE44-4588-BDC2-120AE0F7679A}"
EndProject
Global
	GlobalSection(SolutionConfigurationPlatforms) = preSolution
		Debug|Any CPU = Debug|Any CPU
		Release|Any CPU = Release|Any CPU
	EndGlobalSection
	GlobalSection(ProjectConfigurationPlatforms) = postSolution
		{4BC2E46F-DE44-4588-BDC2-120AE0F7679A}.Debug|Any CPU.ActiveCfg = Debug|Any CPU
		{4BC2E46F-DE44-4588-BDC2-120AE0F7679A}.Debug|Any CPU.Build.0 = Debug|Any CPU
		{4BC2E46F-DE44-4588-BDC2-120AE0F7679A}.Release|Any CPU.ActiveCfg = Release|Any CPU
		{4BC2E46F-DE44-4588-BDC2-120AE0F7679A}.Release|Any CPU.Build.0 = Release|Any CPU
	EndGlobalSection
	GlobalSection(SolutionProperties) = preSolution
		HideSolutionNode = FALSE
	EndGlobalSection
	GlobalSection(ExtensibilityGlobals) = postSolution
		SolutionGuid = {F9054C25-C37F-43F8-84B3-03F55CF6AA62}
	EndGlobalSection
EndGlobal
